name: Branch Management
on:
  push:
    branches:
      - deployment
      - main

jobs:
  update-branch-metadata:
    runs-on: ubuntu-latest
    steps:
      - uses: actions/checkout@v3
      - name: Update branch metadata
        run: |
          git config --global user.email "actions@github.com"
          git config --global user.name "GitHub Actions"
          git config branch.deployment.noAutoCompare true
          git config branch.main.noAutoCompare true
